Microsoft Visual Studio Solution File, Format Version 12.00
# Visual Studio Version 17
VisualStudioVersion = 17.5.2.0
MinimumVisualStudioVersion = 10.0.40219.1
Project("{FAE04EC0-301F-11D3-BF4B-00C04F79EFBC}") = "Borrowing.Api", "Borrowing.Api.csproj", "{B081F03D-E0CC-B8EB-F395-4FC2F2CE7243}"
EndProject
Global
	GlobalSection(SolutionConfigurationPlatforms) = preSolution
		Debug|Any CPU = Debug|Any CPU
		Release|Any CPU = Release|Any CPU
	EndGlobalSection
	GlobalSection(ProjectConfigurationPlatforms) = postSolution
		{B081F03D-E0CC-B8EB-F395-4FC2F2CE7243}.Debug|Any CPU.ActiveCfg = Debug|Any CPU
		{B081F03D-E0CC-B8EB-F395-4FC2F2CE7243}.Debug|Any CPU.Build.0 = Debug|Any CPU
		{B081F03D-E0CC-B8EB-F395-4FC2F2CE7243}.Release|Any CPU.ActiveCfg = Release|Any CPU
		{B081F03D-E0CC-B8EB-F395-4FC2F2CE7243}.Release|Any CPU.Build.0 = Release|Any CPU
	EndGlobalSection
	GlobalSection(SolutionProperties) = preSolution
		HideSolutionNode = FALSE
	EndGlobalSection
	GlobalSection(ExtensibilityGlobals) = postSolution
		SolutionGuid = {C4E56C8E-60F3-46ED-9F35-187D05EE15B5}
	EndGlobalSection
EndGlobal
